
Microsoft Visual Studio Solution File, Format Version 12.00
# Visual Studio Version 17
VisualStudioVersion = 17.0.32014.148
MinimumVisualStudioVersion = 10.0.40219.1
Project("{FAE04EC0-301F-11D3-BF4B-00C04F79EFBC}") = "NewsPortal", "NewsPortal\NewsPortal.csproj", "{2AAFF2EF-1EE6-4F2B-98F1-1729F0123F5D}"
EndProject
Global
	GlobalSection(SolutionConfigurationPlatforms) = preSolution
		Debug|Any CPU = Debug|Any CPU
		Release|Any CPU = Release|Any CPU
	EndGlobalSection
	GlobalSection(ProjectConfigurationPlatforms) = postSolution
		{2AAFF2EF-1EE6-4F2B-98F1-1729F0123F5D}.Debug|Any CPU.ActiveCfg = Debug|Any CPU
		{2AAFF2EF-1EE6-4F2B-98F1-1729F0123F5D}.Debug|Any CPU.Build.0 = Debug|Any CPU
		{2AAFF2EF-1EE6-4F2B-98F1-1729F0123F5D}.Release|Any CPU.ActiveCfg = Release|Any CPU
		{2AAFF2EF-1EE6-4F2B-98F1-1729F0123F5D}.Release|Any CPU.Build.0 = Release|Any CPU
	EndGlobalSection
	GlobalSection(SolutionProperties) = preSolution
		HideSolutionNode = FALSE
	EndGlobalSection
	GlobalSection(ExtensibilityGlobals) = postSolution
		SolutionGuid = {5AEC4DA7-312D-4EFD-AF75-3FE0C655FE8C}
	EndGlobalSection
EndGlobal
